{
  "version": 4,
  "terraform_version": "1.5.4",
  "serial": 153,
  "lineage": "eb10458e-9d33-da8d-a8a6-934c254790d8",
  "outputs": {
    "aurora_cluster_arn": {
      "value": "arn:aws:rds:us-east-2:190864883972:cluster:aurora-us-east-2",
      "type": "string"
    },
    "aurora_cluster_id": {
      "value": "aurora-us-east-2",
      "type": "string"
    },
    "private_s": {
      "value": [
        "subnet-0a78dfe0509d9d731",
        "subnet-0017ca7f9b1c172af",
        "subnet-00b1beb0bc31f1b2f",
        "subnet-00260c854c20fda34"
      ],
      "type": [
        "list",
        "string"
      ]
    }
  },
  "resources": [
    {
      "mode": "data",
      "type": "aws_subnets",
      "name": "primary",
      "provider": "provider[\"registry.terraform.io/hashicorp/aws\"].primary",
      "instances": [
        {
          "schema_version": 0,
          "attributes": {
            "filter": [
              {
                "name": "vpc-id",
                "values": [
                  "vpc-042229eafe1a7f93f"
                ]
              }
            ],
            "id": "us-east-2",
            "ids": [
              "subnet-04f50cd57d47f6c30",
              "subnet-0fb9ea7994f61431c",
              "subnet-022e316535a406648"
            ],
            "tags": null,
            "timeouts": null
          },
          "sensitive_attributes": []
        }
      ]
    },
    {
      "mode": "data",
      "type": "aws_subnets",
      "name": "secondary",
      "provider": "provider[\"registry.terraform.io/hashicorp/aws\"].secondary",
      "instances": [
        {
          "schema_version": 0,
          "attributes": {
            "filter": [
              {
                "name": "vpc-id",
                "values": [
                  "vpc-08e82f62e6e1d76cd"
                ]
              }
            ],
            "id": "us-west-2",
            "ids": [
              "subnet-0a78dfe0509d9d731",
              "subnet-0017ca7f9b1c172af",
              "subnet-00b1beb0bc31f1b2f",
              "subnet-00260c854c20fda34"
            ],
            "tags": null,
            "timeouts": null
          },
          "sensitive_attributes": []
        }
      ]
    },
    {
      "module": "module.aurora_poc",
      "mode": "data",
      "type": "aws_availability_zones",
      "name": "region_p",
      "provider": "module.aurora_poc.provider[\"registry.terraform.io/hashicorp/aws\"].primary",
      "instances": [
        {
          "schema_version": 0,
          "attributes": {
            "all_availability_zones": null,
            "exclude_names": null,
            "exclude_zone_ids": null,
            "filter": null,
            "group_names": [
              "us-east-2"
            ],
            "id": "us-east-2",
            "names": [
              "us-east-2a",
              "us-east-2b",
              "us-east-2c"
            ],
            "state": "available",
            "timeouts": null,
            "zone_ids": [
              "use2-az1",
              "use2-az2",
              "use2-az3"
            ]
          },
          "sensitive_attributes": []
        }
      ]
    },
    {
      "module": "module.aurora_poc",
      "mode": "data",
      "type": "aws_availability_zones",
      "name": "region_s",
      "provider": "module.aurora_poc.provider[\"registry.terraform.io/hashicorp/aws\"].secondary",
      "instances": [
        {
          "schema_version": 0,
          "attributes": {
            "all_availability_zones": null,
            "exclude_names": null,
            "exclude_zone_ids": null,
            "filter": null,
            "group_names": [
              "us-west-2"
            ],
            "id": "us-west-2",
            "names": [
              "us-west-2a",
              "us-west-2b",
              "us-west-2c",
              "us-west-2d"
            ],
            "state": "available",
            "timeouts": null,
            "zone_ids": [
              "usw2-az1",
              "usw2-az2",
              "usw2-az3",
              "usw2-az4"
            ]
          },
          "sensitive_attributes": []
        }
      ]
    },
    {
      "module": "module.aurora_poc",
      "mode": "data",
      "type": "aws_iam_policy_document",
      "name": "monitoring_rds_assume_role",
      "provider": "provider[\"registry.terraform.io/hashicorp/aws\"]",
      "instances": [
        {
          "schema_version": 0,
          "attributes": {
            "id": "76086537",
            "json": "{\n  \"Version\": \"2012-10-17\",\n  \"Statement\": [\n    {\n      \"Effect\": \"Allow\",\n      \"Action\": \"sts:AssumeRole\",\n      \"Principal\": {\n        \"Service\": \"monitoring.rds.amazonaws.com\"\n      }\n    }\n  ]\n}",
            "override_policy_documents": null,
            "policy_id": null,
            "source_policy_documents": null,
            "statement": [
              {
                "actions": [
                  "sts:AssumeRole"
                ],
                "condition": [],
                "effect": "Allow",
                "not_actions": [],
                "not_principals": [],
                "not_resources": [],
                "principals": [
                  {
                    "identifiers": [
                      "monitoring.rds.amazonaws.com"
                    ],
                    "type": "Service"
                  }
                ],
                "resources": [],
                "sid": ""
              }
            ],
            "version": "2012-10-17"
          },
          "sensitive_attributes": []
        }
      ]
    },
    {
      "module": "module.aurora_poc",
      "mode": "data",
      "type": "aws_partition",
      "name": "current",
      "provider": "provider[\"registry.terraform.io/hashicorp/aws\"]",
      "instances": [
        {
          "schema_version": 0,
          "attributes": {
            "dns_suffix": "amazonaws.com",
            "id": "aws",
            "partition": "aws",
            "reverse_dns_prefix": "com.amazonaws"
          },
          "sensitive_attributes": []
        }
      ]
    },
    {
      "module": "module.aurora_poc",
      "mode": "data",
      "type": "aws_rds_engine_version",
      "name": "family",
      "provider": "module.aurora_poc.provider[\"registry.terraform.io/hashicorp/aws\"].primary",
      "instances": [
        {
          "schema_version": 0,
          "attributes": {
            "default_character_set": null,
            "default_only": null,
            "engine": "aurora-postgresql",
            "engine_description": "Aurora (PostgreSQL)",
            "exportable_log_types": [
              "postgresql"
            ],
            "filter": null,
            "id": "13.6",
            "include_all": null,
            "parameter_group_family": "aurora-postgresql13",
            "preferred_versions": null,
            "status": "available",
            "supported_character_sets": [],
            "supported_feature_names": [
              "Comprehend",
              "Lambda",
              "SageMaker",
              "s3Export",
              "s3Import"
            ],
            "supported_modes": [
              "provisioned"
            ],
            "supported_timezones": [],
            "supports_global_databases": true,
            "supports_log_exports_to_cloudwatch": true,
            "supports_parallel_query": false,
            "supports_read_replica": false,
            "valid_upgrade_targets": [
              "13.10",
              "13.11",
              "13.7",
              "13.8",
              "13.9",
              "14.3",
              "14.4",
              "14.5",
              "14.6",
              "14.7",
              "14.8",
              "15.2",
              "15.3"
            ],
            "version": "13.6",
            "version_description": "Aurora PostgreSQL (Compatible with PostgreSQL 13.6)"
          },
          "sensitive_attributes": []
        }
      ]
    },
    {
      "module": "module.aurora_poc",
      "mode": "managed",
      "type": "aws_cloudwatch_metric_alarm",
      "name": "cpu_util_p",
      "provider": "module.aurora_poc.provider[\"registry.terraform.io/hashicorp/aws\"].primary",
      "instances": [
        {
          "index_key": 0,
          "schema_version": 1,
          "attributes": {
            "actions_enabled": true,
            "alarm_actions": [
              "arn:aws:sns:us-east-2:190864883972:rds-events"
            ],
            "alarm_description": "This metric monitors Aurora Instance CPU Utilization",
            "alarm_name": "CPU_Util-aurora-pg-poc-us-east-2-1",
            "arn": "arn:aws:cloudwatch:us-east-2:190864883972:alarm:CPU_Util-aurora-pg-poc-us-east-2-1",
            "comparison_operator": "GreaterThanOrEqualToThreshold",
            "datapoints_to_alarm": 0,
            "dimensions": {
              "DBInstanceIdentifier": "aurora-pg-poc-us-east-2-1"
            },
            "evaluate_low_sample_count_percentiles": "",
            "evaluation_periods": 5,
            "extended_statistic": "",
            "id": "CPU_Util-aurora-pg-poc-us-east-2-1",
            "insufficient_data_actions": [],
            "metric_name": "CPUUtilization",
            "metric_query": [],
            "namespace": "AWS/RDS",
            "ok_actions": [],
            "period": 60,
            "statistic": "Maximum",
            "tags": {},
            "tags_all": {},
            "threshold": 80,
            "threshold_metric_id": "",
            "treat_missing_data": "notBreaching",
            "unit": "Percent"
          },
          "sensitive_attributes": [],
          "private": "eyJzY2hlbWFfdmVyc2lvbiI6IjEifQ==",
          "dependencies": [
            "data.aws_subnets.primary",
            "module.aurora_poc.aws_db_parameter_group.aurora_db_parameter_group_p",
            "module.aurora_poc.aws_db_subnet_group.private_p",
            "module.aurora_poc.aws_iam_role.rds_enhanced_monitoring",
            "module.aurora_poc.aws_kms_key.kms_p",
            "module.aurora_poc.aws_rds_cluster.primary",
            "module.aurora_poc.aws_rds_cluster_instance.primary",
            "module.aurora_poc.aws_rds_cluster_parameter_group.aurora_cluster_parameter_group_p",
            "module.aurora_poc.aws_rds_global_cluster.globaldb",
            "module.aurora_poc.aws_sns_topic.default_p",
            "module.aurora_poc.data.aws_availability_zones.region_p",
            "module.aurora_poc.data.aws_iam_policy_document.monitoring_rds_assume_role",
            "module.aurora_poc.data.aws_partition.current",
            "module.aurora_poc.data.aws_rds_engine_version.family",
            "module.aurora_poc.random_id.snapshot_id",
            "module.aurora_poc.random_password.master_password"
          ]
        },
        {
          "index_key": 1,
          "schema_version": 1,
          "attributes": {
            "actions_enabled": true,
            "alarm_actions": [
              "arn:aws:sns:us-east-2:190864883972:rds-events"
            ],
            "alarm_description": "This metric monitors Aurora Instance CPU Utilization",
            "alarm_name": "CPU_Util-aurora-pg-poc-us-east-2-2",
            "arn": "arn:aws:cloudwatch:us-east-2:190864883972:alarm:CPU_Util-aurora-pg-poc-us-east-2-2",
            "comparison_operator": "GreaterThanOrEqualToThreshold",
            "datapoints_to_alarm": 0,
            "dimensions": {
              "DBInstanceIdentifier": "aurora-pg-poc-us-east-2-2"
            },
            "evaluate_low_sample_count_percentiles": "",
            "evaluation_periods": 5,
            "extended_statistic": "",
            "id": "CPU_Util-aurora-pg-poc-us-east-2-2",
            "insufficient_data_actions": [],
            "metric_name": "CPUUtilization",
            "metric_query": [],
            "namespace": "AWS/RDS",
            "ok_actions": [],
            "period": 60,
            "statistic": "Maximum",
            "tags": {},
            "tags_all": {},
            "threshold": 80,
            "threshold_metric_id": "",
            "treat_missing_data": "notBreaching",
            "unit": "Percent"
          },
          "sensitive_attributes": [],
          "private": "eyJzY2hlbWFfdmVyc2lvbiI6IjEifQ==",
          "dependencies": [
            "data.aws_subnets.primary",
            "module.aurora_poc.aws_db_parameter_group.aurora_db_parameter_group_p",
            "module.aurora_poc.aws_db_subnet_group.private_p",
            "module.aurora_poc.aws_iam_role.rds_enhanced_monitoring",
            "module.aurora_poc.aws_kms_key.kms_p",
            "module.aurora_poc.aws_rds_cluster.primary",
            "module.aurora_poc.aws_rds_cluster_instance.primary",
            "module.aurora_poc.aws_rds_cluster_parameter_group.aurora_cluster_parameter_group_p",
            "module.aurora_poc.aws_rds_global_cluster.globaldb",
            "module.aurora_poc.aws_sns_topic.default_p",
            "module.aurora_poc.data.aws_availability_zones.region_p",
            "module.aurora_poc.data.aws_iam_policy_document.monitoring_rds_assume_role",
            "module.aurora_poc.data.aws_partition.current",
            "module.aurora_poc.data.aws_rds_engine_version.family",
            "module.aurora_poc.random_id.snapshot_id",
            "module.aurora_poc.random_password.master_password"
          ]
        }
      ]
    },
    {
      "module": "module.aurora_poc",
      "mode": "managed",
      "type": "aws_cloudwatch_metric_alarm",
      "name": "cpu_util_s",
      "provider": "module.aurora_poc.provider[\"registry.terraform.io/hashicorp/aws\"].secondary",
      "instances": [
        {
          "index_key": 0,
          "schema_version": 1,
          "attributes": {
            "actions_enabled": true,
            "alarm_actions": [
              "arn:aws:sns:us-west-2:190864883972:rds-events"
            ],
            "alarm_description": "This metric monitors Aurora Instance CPU Utilization",
            "alarm_name": "CPU_Util-aurora-pg-poc-us-west-2-1",
            "arn": "arn:aws:cloudwatch:us-west-2:190864883972:alarm:CPU_Util-aurora-pg-poc-us-west-2-1",
            "comparison_operator": "GreaterThanOrEqualToThreshold",
            "datapoints_to_alarm": 0,
            "dimensions": {
              "DBInstanceIdentifier": "aurora-pg-poc-us-west-2-1"
            },
            "evaluate_low_sample_count_percentiles": "",
            "evaluation_periods": 5,
            "extended_statistic": "",
            "id": "CPU_Util-aurora-pg-poc-us-west-2-1",
            "insufficient_data_actions": null,
            "metric_name": "CPUUtilization",
            "metric_query": [],
            "namespace": "AWS/RDS",
            "ok_actions": null,
            "period": 60,
            "statistic": "Maximum",
            "tags": null,
            "tags_all": {},
            "threshold": 80,
            "threshold_metric_id": "",
            "treat_missing_data": "notBreaching",
            "unit": "Percent"
          },
          "sensitive_attributes": [],
          "private": "eyJzY2hlbWFfdmVyc2lvbiI6IjEifQ==",
          "dependencies": [
            "module.aurora_poc.aws_rds_cluster_instance.secondary",
            "module.aurora_poc.aws_sns_topic.default_s"
          ]
        }
      ]
    },
    {
      "module": "module.aurora_poc",
      "mode": "managed",
      "type": "aws_cloudwatch_metric_alarm",
      "name": "free_local_storage_p",
      "provider": "module.aurora_poc.provider[\"registry.terraform.io/hashicorp/aws\"].primary",
      "instances": [
        {
          "index_key": 0,
          "schema_version": 1,
          "attributes": {
            "actions_enabled": true,
            "alarm_actions": [
              "arn:aws:sns:us-east-2:190864883972:rds-events"
            ],
            "alarm_description": "This metric monitors Aurora Local Storage Utilization",
            "alarm_name": "Free_local_storage-aurora-pg-poc-us-east-2-1",
            "arn": "arn:aws:cloudwatch:us-east-2:190864883972:alarm:Free_local_storage-aurora-pg-poc-us-east-2-1",
            "comparison_operator": "LessThanOrEqualToThreshold",
            "datapoints_to_alarm": 0,
            "dimensions": {
              "DBInstanceIdentifier": "aurora-pg-poc-us-east-2-1"
            },
            "evaluate_low_sample_count_percentiles": "",
            "evaluation_periods": 5,
            "extended_statistic": "",
            "id": "Free_local_storage-aurora-pg-poc-us-east-2-1",
            "insufficient_data_actions": [],
            "metric_name": "FreeLocalStorage",
            "metric_query": [],
            "namespace": "AWS/RDS",
            "ok_actions": [],
            "period": 60,
            "statistic": "Average",
            "tags": {},
            "tags_all": {},
            "threshold": 5368709120,
            "threshold_metric_id": "",
            "treat_missing_data": "notBreaching",
            "unit": "Bytes"
          },
          "sensitive_attributes": [],
          "private": "eyJzY2hlbWFfdmVyc2lvbiI6IjEifQ==",
          "dependencies": [
            "data.aws_subnets.primary",
            "module.aurora_poc.aws_db_parameter_group.aurora_db_parameter_group_p",
            "module.aurora_poc.aws_db_subnet_group.private_p",
            "module.aurora_poc.aws_iam_role.rds_enhanced_monitoring",
            "module.aurora_poc.aws_kms_key.kms_p",
            "module.aurora_poc.aws_rds_cluster.primary",
            "module.aurora_poc.aws_rds_cluster_instance.primary",
            "module.aurora_poc.aws_rds_cluster_parameter_group.aurora_cluster_parameter_group_p",
            "module.aurora_poc.aws_rds_global_cluster.globaldb",
            "module.aurora_poc.aws_sns_topic.default_p",
            "module.aurora_poc.data.aws_availability_zones.region_p",
            "module.aurora_poc.data.aws_iam_policy_document.monitoring_rds_assume_role",
            "module.aurora_poc.data.aws_partition.current",
            "module.aurora_poc.data.aws_rds_engine_version.family",
            "module.aurora_poc.random_id.snapshot_id",
            "module.aurora_poc.random_password.master_password"
          ]
        },
        {
          "index_key": 1,
          "schema_version": 1,
          "attributes": {
            "actions_enabled": true,
            "alarm_actions": [
              "arn:aws:sns:us-east-2:190864883972:rds-events"
            ],
            "alarm_description": "This metric monitors Aurora Local Storage Utilization",
            "alarm_name": "Free_local_storage-aurora-pg-poc-us-east-2-2",
            "arn": "arn:aws:cloudwatch:us-east-2:190864883972:alarm:Free_local_storage-aurora-pg-poc-us-east-2-2",
            "comparison_operator": "LessThanOrEqualToThreshold",
            "datapoints_to_alarm": 0,
            "dimensions": {
              "DBInstanceIdentifier": "aurora-pg-poc-us-east-2-2"
            },
            "evaluate_low_sample_count_percentiles": "",
            "evaluation_periods": 5,
            "extended_statistic": "",
            "id": "Free_local_storage-aurora-pg-poc-us-east-2-2",
            "insufficient_data_actions": [],
            "metric_name": "FreeLocalStorage",
            "metric_query": [],
            "namespace": "AWS/RDS",
            "ok_actions": [],
            "period": 60,
            "statistic": "Average",
            "tags": {},
            "tags_all": {},
            "threshold": 5368709120,
            "threshold_metric_id": "",
            "treat_missing_data": "notBreaching",
            "unit": "Bytes"
          },
          "sensitive_attributes": [],
          "private": "eyJzY2hlbWFfdmVyc2lvbiI6IjEifQ==",
          "dependencies": [
            "data.aws_subnets.primary",
            "module.aurora_poc.aws_db_parameter_group.aurora_db_parameter_group_p",
            "module.aurora_poc.aws_db_subnet_group.private_p",
            "module.aurora_poc.aws_iam_role.rds_enhanced_monitoring",
            "module.aurora_poc.aws_kms_key.kms_p",
            "module.aurora_poc.aws_rds_cluster.primary",
            "module.aurora_poc.aws_rds_cluster_instance.primary",
            "module.aurora_poc.aws_rds_cluster_parameter_group.aurora_cluster_parameter_group_p",
            "module.aurora_poc.aws_rds_global_cluster.globaldb",
            "module.aurora_poc.aws_sns_topic.default_p",
            "module.aurora_poc.data.aws_availability_zones.region_p",
            "module.aurora_poc.data.aws_iam_policy_document.monitoring_rds_assume_role",
            "module.aurora_poc.data.aws_partition.current",
            "module.aurora_poc.data.aws_rds_engine_version.family",
            "module.aurora_poc.random_id.snapshot_id",
            "module.aurora_poc.random_password.master_password"
          ]
        }
      ]
    },
    {
      "module": "module.aurora_poc",
      "mode": "managed",
      "type": "aws_cloudwatch_metric_alarm",
      "name": "free_local_storage_s",
      "provider": "module.aurora_poc.provider[\"registry.terraform.io/hashicorp/aws\"].secondary",
      "instances": [
        {
          "index_key": 0,
          "schema_version": 1,
          "attributes": {
            "actions_enabled": true,
            "alarm_actions": [
              "arn:aws:sns:us-west-2:190864883972:rds-events"
            ],
            "alarm_description": "This metric monitors Aurora Local Storage Utilization",
            "alarm_name": "Free_local_storage-aurora-pg-poc-us-west-2-1",
            "arn": "arn:aws:cloudwatch:us-west-2:190864883972:alarm:Free_local_storage-aurora-pg-poc-us-west-2-1",
            "comparison_operator": "LessThanOrEqualToThreshold",
            "datapoints_to_alarm": 0,
            "dimensions": {
              "DBInstanceIdentifier": "aurora-pg-poc-us-west-2-1"
            },
            "evaluate_low_sample_count_percentiles": "",
            "evaluation_periods": 5,
            "extended_statistic": "",
            "id": "Free_local_storage-aurora-pg-poc-us-west-2-1",
            "insufficient_data_actions": null,
            "metric_name": "FreeLocalStorage",
            "metric_query": [],
            "namespace": "AWS/RDS",
            "ok_actions": null,
            "period": 60,
            "statistic": "Average",
            "tags": null,
            "tags_all": {},
            "threshold": 5368709120,
            "threshold_metric_id": "",
            "treat_missing_data": "notBreaching",
            "unit": "Bytes"
          },
          "sensitive_attributes": [],
          "private": "eyJzY2hlbWFfdmVyc2lvbiI6IjEifQ==",
          "dependencies": [
            "module.aurora_poc.aws_rds_cluster_instance.secondary",
            "module.aurora_poc.aws_sns_topic.default_s"
          ]
        }
      ]
    },
    {
      "module": "module.aurora_poc",
      "mode": "managed",
      "type": "aws_cloudwatch_metric_alarm",
      "name": "free_random_access_memory_p",
      "provider": "module.aurora_poc.provider[\"registry.terraform.io/hashicorp/aws\"].primary",
      "instances": [
        {
          "index_key": 0,
          "schema_version": 1,
          "attributes": {
            "actions_enabled": true,
            "alarm_actions": [
              "arn:aws:sns:us-east-2:190864883972:rds-events"
            ],
            "alarm_description": "This metric monitors Aurora Instance Random Access Memory Utilization",
            "alarm_name": "FreeableMemory-aurora-pg-poc-us-east-2-1",
            "arn": "arn:aws:cloudwatch:us-east-2:190864883972:alarm:FreeableMemory-aurora-pg-poc-us-east-2-1",
            "comparison_operator": "LessThanOrEqualToThreshold",
            "datapoints_to_alarm": 0,
            "dimensions": {
              "DBInstanceIdentifier": "aurora-pg-poc-us-east-2-1"
            },
            "evaluate_low_sample_count_percentiles": "",
            "evaluation_periods": 5,
            "extended_statistic": "",
            "id": "FreeableMemory-aurora-pg-poc-us-east-2-1",
            "insufficient_data_actions": [],
            "metric_name": "FreeableMemory",
            "metric_query": [],
            "namespace": "AWS/RDS",
            "ok_actions": [],
            "period": 60,
            "statistic": "Average",
            "tags": {},
            "tags_all": {},
            "threshold": 2147483648,
            "threshold_metric_id": "",
            "treat_missing_data": "notBreaching",
            "unit": "Bytes"
          },
          "sensitive_attributes": [],
          "private": "eyJzY2hlbWFfdmVyc2lvbiI6IjEifQ==",
          "dependencies": [
            "data.aws_subnets.primary",
            "module.aurora_poc.aws_db_parameter_group.aurora_db_parameter_group_p",
            "module.aurora_poc.aws_db_subnet_group.private_p",
            "module.aurora_poc.aws_iam_role.rds_enhanced_monitoring",
            "module.aurora_poc.aws_kms_key.kms_p",
            "module.aurora_poc.aws_rds_cluster.primary",
            "module.aurora_poc.aws_rds_cluster_instance.primary",
            "module.aurora_poc.aws_rds_cluster_parameter_group.aurora_cluster_parameter_group_p",
            "module.aurora_poc.aws_rds_global_cluster.globaldb",
            "module.aurora_poc.aws_sns_topic.default_p",
            "module.aurora_poc.data.aws_availability_zones.region_p",
            "module.aurora_poc.data.aws_iam_policy_document.monitoring_rds_assume_role",
            "module.aurora_poc.data.aws_partition.current",
            "module.aurora_poc.data.aws_rds_engine_version.family",
            "module.aurora_poc.random_id.snapshot_id",
            "module.aurora_poc.random_password.master_password"
          ]
        },
        {
          "index_key": 1,
          "schema_version": 1,
          "attributes": {
            "actions_enabled": true,
            "alarm_actions": [
              "arn:aws:sns:us-east-2:190864883972:rds-events"
            ],
            "alarm_description": "This metric monitors Aurora Instance Random Access Memory Utilization",
            "alarm_name": "FreeableMemory-aurora-pg-poc-us-east-2-2",
            "arn": "arn:aws:cloudwatch:us-east-2:190864883972:alarm:FreeableMemory-aurora-pg-poc-us-east-2-2",
            "comparison_operator": "LessThanOrEqualToThreshold",
            "datapoints_to_alarm": 0,
            "dimensions": {
              "DBInstanceIdentifier": "aurora-pg-poc-us-east-2-2"
            },
            "evaluate_low_sample_count_percentiles": "",
            "evaluation_periods": 5,
            "extended_statistic": "",
            "id": "FreeableMemory-aurora-pg-poc-us-east-2-2",
            "insufficient_data_actions": [],
            "metric_name": "FreeableMemory",
            "metric_query": [],
            "namespace": "AWS/RDS",
            "ok_actions": [],
            "period": 60,
            "statistic": "Average",
            "tags": {},
            "tags_all": {},
            "threshold": 2147483648,
            "threshold_metric_id": "",
            "treat_missing_data": "notBreaching",
            "unit": "Bytes"
          },
          "sensitive_attributes": [],
          "private": "eyJzY2hlbWFfdmVyc2lvbiI6IjEifQ==",
          "dependencies": [
            "data.aws_subnets.primary",
            "module.aurora_poc.aws_db_parameter_group.aurora_db_parameter_group_p",
            "module.aurora_poc.aws_db_subnet_group.private_p",
            "module.aurora_poc.aws_iam_role.rds_enhanced_monitoring",
            "module.aurora_poc.aws_kms_key.kms_p",
            "module.aurora_poc.aws_rds_cluster.primary",
            "module.aurora_poc.aws_rds_cluster_instance.primary",
            "module.aurora_poc.aws_rds_cluster_parameter_group.aurora_cluster_parameter_group_p",
            "module.aurora_poc.aws_rds_global_cluster.globaldb",
            "module.aurora_poc.aws_sns_topic.default_p",
            "module.aurora_poc.data.aws_availability_zones.region_p",
            "module.aurora_poc.data.aws_iam_policy_document.monitoring_rds_assume_role",
            "module.aurora_poc.data.aws_partition.current",
            "module.aurora_poc.data.aws_rds_engine_version.family",
            "module.aurora_poc.random_id.snapshot_id",
            "module.aurora_poc.random_password.master_password"
          ]
        }
      ]
    },
    {
      "module": "module.aurora_poc",
      "mode": "managed",
      "type": "aws_cloudwatch_metric_alarm",
      "name": "free_random_access_memory_s",
      "provider": "module.aurora_poc.provider[\"registry.terraform.io/hashicorp/aws\"].secondary",
      "instances": [
        {
          "index_key": 0,
          "schema_version": 1,
          "attributes": {
            "actions_enabled": true,
            "alarm_actions": [
              "arn:aws:sns:us-west-2:190864883972:rds-events"
            ],
            "alarm_description": "This metric monitors Aurora Instance Random Access Memory Utilization",
            "alarm_name": "FreeableMemory-aurora-pg-poc-us-west-2-1",
            "arn": "arn:aws:cloudwatch:us-west-2:190864883972:alarm:FreeableMemory-aurora-pg-poc-us-west-2-1",
            "comparison_operator": "LessThanOrEqualToThreshold",
            "datapoints_to_alarm": 0,
            "dimensions": {
              "DBInstanceIdentifier": "aurora-pg-poc-us-west-2-1"
            },
            "evaluate_low_sample_count_percentiles": "",
            "evaluation_periods": 5,
            "extended_statistic": "",
            "id": "FreeableMemory-aurora-pg-poc-us-west-2-1",
            "insufficient_data_actions": null,
            "metric_name": "FreeableMemory",
            "metric_query": [],
            "namespace": "AWS/RDS",
            "ok_actions": null,
            "period": 60,
            "statistic": "Average",
            "tags": null,
            "tags_all": {},
            "threshold": 2147483648,
            "threshold_metric_id": "",
            "treat_missing_data": "notBreaching",
            "unit": "Bytes"
          },
          "sensitive_attributes": [],
          "private": "eyJzY2hlbWFfdmVyc2lvbiI6IjEifQ==",
          "dependencies": [
            "module.aurora_poc.aws_rds_cluster_instance.secondary",
            "module.aurora_poc.aws_sns_topic.default_s"
          ]
        }
      ]
    },
    {
      "module": "module.aurora_poc",
      "mode": "managed",
      "type": "aws_cloudwatch_metric_alarm",
      "name": "pg_max_used_tx_ids_p",
      "provider": "module.aurora_poc.provider[\"registry.terraform.io/hashicorp/aws\"].primary",
      "instances": [
        {
          "index_key": 0,
          "schema_version": 1,
          "attributes": {
            "actions_enabled": true,
            "alarm_actions": [
              "arn:aws:sns:us-east-2:190864883972:rds-events"
            ],
            "alarm_description": "This metric monitors Aurora PostgreSQL Max Used Tx IDs",
            "alarm_name": "PG_MaxUsedTxIDs-aurora-us-east-2",
            "arn": "arn:aws:cloudwatch:us-east-2:190864883972:alarm:PG_MaxUsedTxIDs-aurora-us-east-2",
            "comparison_operator": "GreaterThanOrEqualToThreshold",
            "datapoints_to_alarm": 0,
            "dimensions": {
              "DBClusterIdentifier": "aurora-us-east-2",
              "Role": "WRITER"
            },
            "evaluate_low_sample_count_percentiles": "",
            "evaluation_periods": 5,
            "extended_statistic": "",
            "id": "PG_MaxUsedTxIDs-aurora-us-east-2",
            "insufficient_data_actions": [],
            "metric_name": "MaximumUsedTransactionIDs",
            "metric_query": [],
            "namespace": "AWS/RDS",
            "ok_actions": [],
            "period": 60,
            "statistic": "Average",
            "tags": {},
            "tags_all": {},
            "threshold": 600000000,
            "threshold_metric_id": "",
            "treat_missing_data": "notBreaching",
            "unit": "Count"
          },
          "sensitive_attributes": [],
          "private": "eyJzY2hlbWFfdmVyc2lvbiI6IjEifQ==",
          "dependencies": [
            "data.aws_subnets.primary",
            "module.aurora_poc.aws_db_parameter_group.aurora_db_parameter_group_p",
            "module.aurora_poc.aws_db_subnet_group.private_p",
            "module.aurora_poc.aws_kms_key.kms_p",
            "module.aurora_poc.aws_rds_cluster.primary",
            "module.aurora_poc.aws_rds_cluster_parameter_group.aurora_cluster_parameter_group_p",
            "module.aurora_poc.aws_rds_global_cluster.globaldb",
            "module.aurora_poc.aws_sns_topic.default_p",
            "module.aurora_poc.data.aws_availability_zones.region_p",
            "module.aurora_poc.data.aws_rds_engine_version.family",
            "module.aurora_poc.random_id.snapshot_id",
            "module.aurora_poc.random_password.master_password"
          ]
        }
      ]
    },
    {
      "module": "module.aurora_poc",
      "mode": "managed",
      "type": "aws_cloudwatch_metric_alarm",
      "name": "pg_max_used_tx_ids_s",
      "provider": "module.aurora_poc.provider[\"registry.terraform.io/hashicorp/aws\"].secondary",
      "instances": [
        {
          "index_key": 0,
          "schema_version": 1,
          "attributes": {
            "actions_enabled": true,
            "alarm_actions": [
              "arn:aws:sns:us-west-2:190864883972:rds-events"
            ],
            "alarm_description": "This metric monitors Aurora PostgreSQL Max Used Tx IDs",
            "alarm_name": "PG_MaxUsedTxIDs-aurora-us-west-2",
            "arn": "arn:aws:cloudwatch:us-west-2:190864883972:alarm:PG_MaxUsedTxIDs-aurora-us-west-2",
            "comparison_operator": "GreaterThanOrEqualToThreshold",
            "datapoints_to_alarm": 0,
            "dimensions": {
              "DBClusterIdentifier": "aurora-us-west-2",
              "Role": "WRITER"
            },
            "evaluate_low_sample_count_percentiles": "",
            "evaluation_periods": 5,
            "extended_statistic": "",
            "id": "PG_MaxUsedTxIDs-aurora-us-west-2",
            "insufficient_data_actions": [],
            "metric_name": "MaximumUsedTransactionIDs",
            "metric_query": [],
            "namespace": "AWS/RDS",
            "ok_actions": [],
            "period": 60,
            "statistic": "Average",
            "tags": {},
            "tags_all": {},
            "threshold": 600000000,
            "threshold_metric_id": "",
            "treat_missing_data": "notBreaching",
            "unit": "Count"
          },
          "sensitive_attributes": [],
          "private": "eyJzY2hlbWFfdmVyc2lvbiI6IjEifQ==",
          "dependencies": [
            "data.aws_subnets.primary",
            "data.aws_subnets.secondary",
            "module.aurora_poc.aws_db_parameter_group.aurora_db_parameter_group_p",
            "module.aurora_poc.aws_db_parameter_group.aurora_db_parameter_group_s",
            "module.aurora_poc.aws_db_subnet_group.private_p",
            "module.aurora_poc.aws_db_subnet_group.private_s",
            "module.aurora_poc.aws_iam_role.rds_enhanced_monitoring",
            "module.aurora_poc.aws_kms_key.kms_p",
            "module.aurora_poc.aws_kms_key.kms_s",
            "module.aurora_poc.aws_rds_cluster.primary",
            "module.aurora_poc.aws_rds_cluster.secondary",
            "module.aurora_poc.aws_rds_cluster_instance.primary",
            "module.aurora_poc.aws_rds_cluster_parameter_group.aurora_cluster_parameter_group_p",
            "module.aurora_poc.aws_rds_cluster_parameter_group.aurora_cluster_parameter_group_s",
            "module.aurora_poc.aws_rds_global_cluster.globaldb",
            "module.aurora_poc.aws_sns_topic.default_s",
            "module.aurora_poc.data.aws_availability_zones.region_p",
            "module.aurora_poc.data.aws_availability_zones.region_s",
            "module.aurora_poc.data.aws_iam_policy_document.monitoring_rds_assume_role",
            "module.aurora_poc.data.aws_partition.current",
            "module.aurora_poc.data.aws_rds_engine_version.family",
            "module.aurora_poc.random_id.snapshot_id",
            "module.aurora_poc.random_password.master_password"
          ]
        }
      ]
    },
    {
      "module": "module.aurora_poc",
      "mode": "managed",
      "type": "aws_db_event_subscription",
      "name": "default_p",
      "provider": "module.aurora_poc.provider[\"registry.terraform.io/hashicorp/aws\"].primary",
      "instances": [
        {
          "schema_version": 0,
          "attributes": {
            "arn": "arn:aws:rds:us-east-2:190864883972:es:aurora-pg-poc-rds-event-sub",
            "customer_aws_id": "190864883972",
            "enabled": true,
            "event_categories": [
              "creation",
              "deletion",
              "failover",
              "failure",
              "maintenance",
              "notification"
            ],
            "id": "aurora-pg-poc-rds-event-sub",
            "name": "aurora-pg-poc-rds-event-sub",
            "name_prefix": "",
            "sns_topic": "arn:aws:sns:us-east-2:190864883972:rds-events",
            "source_ids": [
              "aurora-us-east-2"
            ],
            "source_type": "db-cluster",
            "tags": {},
            "tags_all": {},
            "timeouts": null
          },
          "sensitive_attributes": [],
          "private": "eyJlMmJmYjczMC1lY2FhLTExZTYtOGY4OC0zNDM2M2JjN2M0YzAiOnsiY3JlYXRlIjoyNDAwMDAwMDAwMDAwLCJkZWxldGUiOjI0MDAwMDAwMDAwMDAsInVwZGF0ZSI6MjQwMDAwMDAwMDAwMH19",
          "dependencies": [
            "data.aws_subnets.primary",
            "module.aurora_poc.aws_db_parameter_group.aurora_db_parameter_group_p",
            "module.aurora_poc.aws_db_subnet_group.private_p",
            "module.aurora_poc.aws_kms_key.kms_p",
            "module.aurora_poc.aws_rds_cluster.primary",
            "module.aurora_poc.aws_rds_cluster_parameter_group.aurora_cluster_parameter_group_p",
            "module.aurora_poc.aws_rds_global_cluster.globaldb",
            "module.aurora_poc.aws_sns_topic.default_p",
            "module.aurora_poc.data.aws_availability_zones.region_p",
            "module.aurora_poc.data.aws_rds_engine_version.family",
            "module.aurora_poc.random_id.snapshot_id",
            "module.aurora_poc.random_password.master_password"
          ]
        }
      ]
    },
    {
      "module": "module.aurora_poc",
      "mode": "managed",
      "type": "aws_db_event_subscription",
      "name": "default_s",
      "provider": "module.aurora_poc.provider[\"registry.terraform.io/hashicorp/aws\"].secondary",
      "instances": [
        {
          "index_key": 0,
          "schema_version": 0,
          "attributes": {
            "arn": "arn:aws:rds:us-west-2:190864883972:es:aurora-pg-poc-rds-event-sub",
            "customer_aws_id": "190864883972",
            "enabled": true,
            "event_categories": [
              "creation",
              "deletion",
              "failover",
              "failure",
              "maintenance",
              "notification"
            ],
            "id": "aurora-pg-poc-rds-event-sub",
            "name": "aurora-pg-poc-rds-event-sub",
            "name_prefix": "",
            "sns_topic": "arn:aws:sns:us-west-2:190864883972:rds-events",
            "source_ids": [
              "aurora-us-west-2"
            ],
            "source_type": "db-cluster",
            "tags": {},
            "tags_all": {},
            "timeouts": null
          },
          "sensitive_attributes": [],
          "private": "eyJlMmJmYjczMC1lY2FhLTExZTYtOGY4OC0zNDM2M2JjN2M0YzAiOnsiY3JlYXRlIjoyNDAwMDAwMDAwMDAwLCJkZWxldGUiOjI0MDAwMDAwMDAwMDAsInVwZGF0ZSI6MjQwMDAwMDAwMDAwMH19",
          "dependencies": [
            "data.aws_subnets.primary",
            "data.aws_subnets.secondary",
            "module.aurora_poc.aws_db_parameter_group.aurora_db_parameter_group_p",
            "module.aurora_poc.aws_db_parameter_group.aurora_db_parameter_group_s",
            "module.aurora_poc.aws_db_subnet_group.private_p",
            "module.aurora_poc.aws_db_subnet_group.private_s",
            "module.aurora_poc.aws_iam_role.rds_enhanced_monitoring",
            "module.aurora_poc.aws_kms_key.kms_p",
            "module.aurora_poc.aws_kms_key.kms_s",
            "module.aurora_poc.aws_rds_cluster.primary",
            "module.aurora_poc.aws_rds_cluster.secondary",
            "module.aurora_poc.aws_rds_cluster_instance.primary",
            "module.aurora_poc.aws_rds_cluster_parameter_group.aurora_cluster_parameter_group_p",
            "module.aurora_poc.aws_rds_cluster_parameter_group.aurora_cluster_parameter_group_s",
            "module.aurora_poc.aws_rds_global_cluster.globaldb",
            "module.aurora_poc.aws_sns_topic.default_s",
            "module.aurora_poc.data.aws_availability_zones.region_p",
            "module.aurora_poc.data.aws_availability_zones.region_s",
            "module.aurora_poc.data.aws_iam_policy_document.monitoring_rds_assume_role",
            "module.aurora_poc.data.aws_partition.current",
            "module.aurora_poc.data.aws_rds_engine_version.family",
            "module.aurora_poc.random_id.snapshot_id",
            "module.aurora_poc.random_password.master_password"
          ]
        }
      ]
    },
    {
      "module": "module.aurora_poc",
      "mode": "managed",
      "type": "aws_db_parameter_group",
      "name": "aurora_db_parameter_group_p",
      "provider": "module.aurora_poc.provider[\"registry.terraform.io/hashicorp/aws\"].primary",
      "instances": [
        {
          "schema_version": 0,
          "attributes": {
            "arn": "arn:aws:rds:us-east-2:190864883972:pg:aurora-pg-poc-db-20230821151931904100000002",
            "description": "aurora-db-parameter-group",
            "family": "aurora-postgresql13",
            "id": "aurora-pg-poc-db-20230821151931904100000002",
            "name": "aurora-pg-poc-db-20230821151931904100000002",
            "name_prefix": "aurora-pg-poc-db-",
            "parameter": [
              {
                "apply_method": "immediate",
                "name": "apg_plan_mgmt.capture_plan_baselines",
                "value": "automatic"
              },
              {
                "apply_method": "immediate",
                "name": "apg_plan_mgmt.unapproved_plan_execution_threshold",
                "value": "100"
              },
              {
                "apply_method": "immediate",
                "name": "apg_plan_mgmt.use_plan_baselines",
                "value": "true"
              },
              {
                "apply_method": "immediate",
                "name": "auto_explain.log_min_duration",
                "value": "5000"
              },
              {
                "apply_method": "immediate",
                "name": "auto_explain.log_verbose",
                "value": "1"
              },
              {
                "apply_method": "immediate",
                "name": "idle_in_transaction_session_timeout",
                "value": "7200000"
              },
              {
                "apply_method": "immediate",
                "name": "log_lock_waits",
                "value": "1"
              },
              {
                "apply_method": "immediate",
                "name": "log_min_duration_statement",
                "value": "5000"
              },
              {
                "apply_method": "immediate",
                "name": "log_rotation_age",
                "value": "1440"
              },
              {
                "apply_method": "immediate",
                "name": "log_rotation_size",
                "value": "102400"
              },
              {
                "apply_method": "immediate",
                "name": "log_statement",
                "value": "ddl"
              },
              {
                "apply_method": "immediate",
                "name": "log_temp_files",
                "value": "4096"
              },
              {
                "apply_method": "immediate",
                "name": "random_page_cost",
                "value": "1"
              },
              {
                "apply_method": "immediate",
                "name": "rds.log_retention_period",
                "value": "10080"
              },
              {
                "apply_method": "immediate",
                "name": "statement_timeout",
                "value": "7200000"
              },
              {
                "apply_method": "pending-reboot",
                "name": "apg_plan_mgmt.plan_retention_period",
                "value": "90"
              },
              {
                "apply_method": "pending-reboot",
                "name": "shared_preload_libraries",
                "value": "auto_explain,pg_stat_statements,pg_hint_plan,pgaudit"
              },
              {
                "apply_method": "pending-reboot",
                "name": "track_activity_query_size",
                "value": "16384"
              }
            ],
            "tags": {},
            "tags_all": {}
          },
          "sensitive_attributes": [],
          "private": "bnVsbA==",
          "dependencies": [
            "module.aurora_poc.data.aws_rds_engine_version.family"
          ],
          "create_before_destroy": true
        }
      ]
    },
    {
      "module": "module.aurora_poc",
      "mode": "managed",
      "type": "aws_db_parameter_group",
      "name": "aurora_db_parameter_group_s",
      "provider": "module.aurora_poc.provider[\"registry.terraform.io/hashicorp/aws\"].secondary",
      "instances": [
        {
          "index_key": 0,
          "schema_version": 0,
          "attributes": {
            "arn": "arn:aws:rds:us-west-2:190864883972:pg:aurora-pg-poc-db-20230821151931963900000002",
            "description": "aurora-db-parameter-group",
            "family": "aurora-postgresql13",
            "id": "aurora-pg-poc-db-20230821151931963900000002",
            "name": "aurora-pg-poc-db-20230821151931963900000002",
            "name_prefix": "aurora-pg-poc-db-",
            "parameter": [
              {
                "apply_method": "immediate",
                "name": "apg_plan_mgmt.capture_plan_baselines",
                "value": "automatic"
              },
              {
                "apply_method": "immediate",
                "name": "apg_plan_mgmt.unapproved_plan_execution_threshold",
                "value": "100"
              },
              {
                "apply_method": "immediate",
                "name": "apg_plan_mgmt.use_plan_baselines",
                "value": "true"
              },
              {
                "apply_method": "immediate",
                "name": "auto_explain.log_min_duration",
                "value": "5000"
              },
              {
                "apply_method": "immediate",
                "name": "auto_explain.log_verbose",
                "value": "1"
              },
              {
                "apply_method": "immediate",
                "name": "idle_in_transaction_session_timeout",
                "value": "7200000"
              },
              {
                "apply_method": "immediate",
                "name": "log_lock_waits",
                "value": "1"
              },
              {
                "apply_method": "immediate",
                "name": "log_min_duration_statement",
                "value": "5000"
              },
              {
                "apply_method": "immediate",
                "name": "log_rotation_age",
                "value": "1440"
              },
              {
                "apply_method": "immediate",
                "name": "log_rotation_size",
                "value": "102400"
              },
              {
                "apply_method": "immediate",
                "name": "log_statement",
                "value": "ddl"
              },
              {
                "apply_method": "immediate",
                "name": "log_temp_files",
                "value": "4096"
              },
              {
                "apply_method": "immediate",
                "name": "random_page_cost",
                "value": "1"
              },
              {
                "apply_method": "immediate",
                "name": "rds.log_retention_period",
                "value": "10080"
              },
              {
                "apply_method": "immediate",
                "name": "statement_timeout",
                "value": "7200000"
              },
              {
                "apply_method": "pending-reboot",
                "name": "apg_plan_mgmt.plan_retention_period",
                "value": "90"
              },
              {
                "apply_method": "pending-reboot",
                "name": "shared_preload_libraries",
                "value": "auto_explain,pg_stat_statements,pg_hint_plan,pgaudit"
              },
              {
                "apply_method": "pending-reboot",
                "name": "track_activity_query_size",
                "value": "16384"
              }
            ],
            "tags": {},
            "tags_all": {}
          },
          "sensitive_attributes": [],
          "private": "bnVsbA==",
          "dependencies": [
            "module.aurora_poc.data.aws_rds_engine_version.family"
          ],
          "create_before_destroy": true
        }
      ]
    },
    {
      "module": "module.aurora_poc",
      "mode": "managed",
      "type": "aws_db_subnet_group",
      "name": "private_p",
      "provider": "module.aurora_poc.provider[\"registry.terraform.io/hashicorp/aws\"].primary",
      "instances": [
        {
          "schema_version": 0,
          "attributes": {
            "arn": "arn:aws:rds:us-east-2:190864883972:subgrp:aurora-pg-poc-sg",
            "description": "Managed by Terraform",
            "id": "aurora-pg-poc-sg",
            "name": "aurora-pg-poc-sg",
            "name_prefix": "",
            "subnet_ids": [
              "subnet-022e316535a406648",
              "subnet-04f50cd57d47f6c30",
              "subnet-0fb9ea7994f61431c"
            ],
            "supported_network_types": [
              "IPV4"
            ],
            "tags": {
              "Name": "My DB subnet group"
            },
            "tags_all": {
              "Name": "My DB subnet group"
            },
            "vpc_id": "vpc-042229eafe1a7f93f"
          },
          "sensitive_attributes": [],
          "private": "bnVsbA==",
          "dependencies": [
            "data.aws_subnets.primary"
          ]
        }
      ]
    },
    {
      "module": "module.aurora_poc",
      "mode": "managed",
      "type": "aws_db_subnet_group",
      "name": "private_s",
      "provider": "module.aurora_poc.provider[\"registry.terraform.io/hashicorp/aws\"].secondary",
      "instances": [
        {
          "index_key": 0,
          "schema_version": 0,
          "attributes": {
            "arn": "arn:aws:rds:us-west-2:190864883972:subgrp:aurora-pg-poc-sg",
            "description": "Managed by Terraform",
            "id": "aurora-pg-poc-sg",
            "name": "aurora-pg-poc-sg",
            "name_prefix": "",
            "subnet_ids": [
              "subnet-0017ca7f9b1c172af",
              "subnet-00260c854c20fda34",
              "subnet-00b1beb0bc31f1b2f",
              "subnet-0a78dfe0509d9d731"
            ],
            "supported_network_types": [
              "IPV4"
            ],
            "tags": {
              "Name": "My DB subnet group"
            },
            "tags_all": {
              "Name": "My DB subnet group"
            },
            "vpc_id": "vpc-08e82f62e6e1d76cd"
          },
          "sensitive_attributes": [],
          "private": "bnVsbA==",
          "dependencies": [
            "data.aws_subnets.secondary"
          ]
        }
      ]
    },
    {
      "module": "module.aurora_poc",
      "mode": "managed",
      "type": "aws_iam_role",
      "name": "rds_enhanced_monitoring",
      "provider": "provider[\"registry.terraform.io/hashicorp/aws\"]",
      "instances": [
        {
          "schema_version": 0,
          "attributes": {
            "arn": "arn:aws:iam::190864883972:role/terraform-20230821151931974000000001",
            "assume_role_policy": "{\"Statement\":[{\"Action\":\"sts:AssumeRole\",\"Effect\":\"Allow\",\"Principal\":{\"Service\":\"monitoring.rds.amazonaws.com\"}}],\"Version\":\"2012-10-17\"}",
            "create_date": "2023-08-21T15:19:32Z",
            "description": "IAM Role for RDS Enhanced monitoring",
            "force_detach_policies": false,
            "id": "terraform-20230821151931974000000001",
            "inline_policy": [],
            "managed_policy_arns": [
              "arn:aws:iam::aws:policy/service-role/AmazonRDSEnhancedMonitoringRole"
            ],
            "max_session_duration": 3600,
            "name": "terraform-20230821151931974000000001",
            "name_prefix": "terraform-",
            "path": "/",
            "permissions_boundary": null,
            "tags": {
              "Environment": "dev",
              "GroupName": "dev",
              "Name": "aurora-pg-poc",
              "Project": "dev"
            },
            "tags_all": {
              "Environment": "dev",
              "GroupName": "dev",
              "Name": "aurora-pg-poc",
              "Project": "dev"
            },
            "unique_id": "AROASY4DPAECEXZ7O6YOJ"
          },
          "sensitive_attributes": [],
          "private": "bnVsbA==",
          "dependencies": [
            "module.aurora_poc.data.aws_iam_policy_document.monitoring_rds_assume_role",
            "module.aurora_poc.data.aws_partition.current"
          ]
        }
      ]
    },
    {
      "module": "module.aurora_poc",
      "mode": "managed",
      "type": "aws_rds_cluster",
      "name": "primary",
      "provider": "module.aurora_poc.provider[\"registry.terraform.io/hashicorp/aws\"].primary",
      "instances": [
        {
          "schema_version": 0,
          "attributes": {
            "allocated_storage": 1,
            "allow_major_version_upgrade": true,
            "apply_immediately": true,
            "arn": "arn:aws:rds:us-east-2:190864883972:cluster:aurora-us-east-2",
            "availability_zones": [
              "us-east-2a",
              "us-east-2b",
              "us-east-2c"
            ],
            "backtrack_window": 0,
            "backup_retention_period": 7,
            "cluster_identifier": "aurora-us-east-2",
            "cluster_identifier_prefix": null,
            "cluster_members": [
              "aurora-pg-poc-us-east-2-1",
              "aurora-pg-poc-us-east-2-2"
            ],
            "cluster_resource_id": "cluster-VHSMLUQ6FEDY7YSVR56MKT3FDE",
            "copy_tags_to_snapshot": false,
            "database_name": "mydb",
            "db_cluster_instance_class": "",
            "db_cluster_parameter_group_name": "aurora-pg-poc-cluster-20230821151931889500000001",
            "db_instance_parameter_group_name": "aurora-pg-poc-db-20230821151931904100000002",
            "db_subnet_group_name": "aurora-pg-poc-sg",
            "db_system_id": "",
            "deletion_protection": false,
            "enable_global_write_forwarding": false,
            "enable_http_endpoint": false,
            "enabled_cloudwatch_logs_exports": [],
            "endpoint": "aurora-us-east-2.cluster-chctxxtd2zmj.us-east-2.rds.amazonaws.com",
            "engine": "aurora-postgresql",
            "engine_mode": "provisioned",
            "engine_version": "13.6",
            "engine_version_actual": "13.6",
            "final_snapshot_identifier": null,
            "global_cluster_identifier": "aurora-globaldb",
            "hosted_zone_id": "Z2XHWR1WZ565X2",
            "iam_database_authentication_enabled": false,
            "iam_roles": [],
            "id": "aurora-us-east-2",
            "iops": 0,
            "kms_key_id": "",
            "manage_master_user_password": null,
            "master_password": "kkcTgtI8nq",
            "master_user_secret": [],
            "master_user_secret_kms_key_id": null,
            "master_username": "root",
            "network_type": "IPV4",
            "port": 5432,
            "preferred_backup_window": "02:00-03:00",
            "preferred_maintenance_window": "sat:04:55-sat:05:25",
            "reader_endpoint": "aurora-us-east-2.cluster-ro-chctxxtd2zmj.us-east-2.rds.amazonaws.com",
            "replication_source_identifier": "",
            "restore_to_point_in_time": [],
            "s3_import": [],
            "scaling_configuration": [],
            "serverlessv2_scaling_configuration": [],
            "skip_final_snapshot": true,
            "snapshot_identifier": null,
            "source_region": null,
            "storage_encrypted": false,
            "storage_type": "",
            "tags": {
              "Environment": "dev",
              "GroupName": "dev",
              "Name": "aurora-pg-poc",
              "Project": "dev"
            },
            "tags_all": {
              "Environment": "dev",
              "GroupName": "dev",
              "Name": "aurora-pg-poc",
              "Project": "dev"
            },
            "timeouts": null,
            "vpc_security_group_ids": [
              "sg-06116d5213dad6cf0"
            ]
          },
          "sensitive_attributes": [
            [
              {
                "type": "get_attr",
                "value": "master_password"
              }
            ]
          ],
          "private": "eyJlMmJmYjczMC1lY2FhLTExZTYtOGY4OC0zNDM2M2JjN2M0YzAiOnsiY3JlYXRlIjo3MjAwMDAwMDAwMDAwLCJkZWxldGUiOjcyMDAwMDAwMDAwMDAsInVwZGF0ZSI6NzIwMDAwMDAwMDAwMH19",
          "dependencies": [
            "data.aws_subnets.primary",
            "module.aurora_poc.aws_db_parameter_group.aurora_db_parameter_group_p",
            "module.aurora_poc.aws_db_subnet_group.private_p",
            "module.aurora_poc.aws_kms_key.kms_p",
            "module.aurora_poc.aws_rds_cluster_parameter_group.aurora_cluster_parameter_group_p",
            "module.aurora_poc.aws_rds_global_cluster.globaldb",
            "module.aurora_poc.data.aws_availability_zones.region_p",
            "module.aurora_poc.data.aws_rds_engine_version.family",
            "module.aurora_poc.random_id.snapshot_id",
            "module.aurora_poc.random_password.master_password"
          ]
        }
      ]
    },
    {
      "module": "module.aurora_poc",
      "mode": "managed",
      "type": "aws_rds_cluster",
      "name": "secondary",
      "provider": "module.aurora_poc.provider[\"registry.terraform.io/hashicorp/aws\"].secondary",
      "instances": [
        {
          "index_key": 0,
          "schema_version": 0,
          "attributes": {
            "allocated_storage": 1,
            "allow_major_version_upgrade": true,
            "apply_immediately": true,
            "arn": "arn:aws:rds:us-west-2:190864883972:cluster:aurora-us-west-2",
            "availability_zones": [
              "us-west-2a",
              "us-west-2b",
              "us-west-2c"
            ],
            "backtrack_window": 0,
            "backup_retention_period": 7,
            "cluster_identifier": "aurora-us-west-2",
            "cluster_identifier_prefix": null,
            "cluster_members": [
              "aurora-pg-poc-us-west-2-1"
            ],
            "cluster_resource_id": "cluster-RBZASNL24RLRFAVBED5VLPVH4I",
            "copy_tags_to_snapshot": false,
            "database_name": "mydb",
            "db_cluster_instance_class": "",
            "db_cluster_parameter_group_name": "aurora-pg-poc-cluster-20230821151931951200000001",
            "db_instance_parameter_group_name": "aurora-pg-poc-db-20230821151931963900000002",
            "db_subnet_group_name": "aurora-pg-poc-sg",
            "db_system_id": "",
            "deletion_protection": false,
            "enable_global_write_forwarding": false,
            "enable_http_endpoint": false,
            "enabled_cloudwatch_logs_exports": [],
            "endpoint": "aurora-us-west-2.cluster-c9yqtdsmjwkt.us-west-2.rds.amazonaws.com",
            "engine": "aurora-postgresql",
            "engine_mode": "provisioned",
            "engine_version": "13.6",
            "engine_version_actual": "13.6",
            "final_snapshot_identifier": null,
            "global_cluster_identifier": "aurora-globaldb",
            "hosted_zone_id": "Z1PVIF0B656C1W",
            "iam_database_authentication_enabled": false,
            "iam_roles": [],
            "id": "aurora-us-west-2",
            "iops": 0,
            "kms_key_id": "",
            "manage_master_user_password": null,
            "master_password": null,
            "master_user_secret": [],
            "master_user_secret_kms_key_id": null,
            "master_username": "root",
            "network_type": "IPV4",
            "port": 5432,
            "preferred_backup_window": "02:00-03:00",
            "preferred_maintenance_window": "fri:06:41-fri:07:11",
            "reader_endpoint": "aurora-us-west-2.cluster-ro-c9yqtdsmjwkt.us-west-2.rds.amazonaws.com",
            "replication_source_identifier": "arn:aws:rds:us-east-2:190864883972:cluster:aurora-us-east-2",
            "restore_to_point_in_time": [],
            "s3_import": [],
            "scaling_configuration": [],
            "serverlessv2_scaling_configuration": [],
            "skip_final_snapshot": true,
            "snapshot_identifier": null,
            "source_region": null,
            "storage_encrypted": false,
            "storage_type": "",
            "tags": {
              "Environment": "dev",
              "GroupName": "dev",
              "Name": "aurora-pg-poc",
              "Project": "dev"
            },
            "tags_all": {
              "Environment": "dev",
              "GroupName": "dev",
              "Name": "aurora-pg-poc",
              "Project": "dev"
            },
            "timeouts": null,
            "vpc_security_group_ids": [
              "sg-09db3e744830f1d41"
            ]
          },
          "sensitive_attributes": [],
          "private": "eyJlMmJmYjczMC1lY2FhLTExZTYtOGY4OC0zNDM2M2JjN2M0YzAiOnsiY3JlYXRlIjo3MjAwMDAwMDAwMDAwLCJkZWxldGUiOjcyMDAwMDAwMDAwMDAsInVwZGF0ZSI6NzIwMDAwMDAwMDAwMH19",
          "dependencies": [
            "data.aws_subnets.primary",
            "data.aws_subnets.secondary",
            "module.aurora_poc.aws_db_parameter_group.aurora_db_parameter_group_p",
            "module.aurora_poc.aws_db_parameter_group.aurora_db_parameter_group_s",
            "module.aurora_poc.aws_db_subnet_group.private_p",
            "module.aurora_poc.aws_db_subnet_group.private_s",
            "module.aurora_poc.aws_iam_role.rds_enhanced_monitoring",
            "module.aurora_poc.aws_kms_key.kms_p",
            "module.aurora_poc.aws_kms_key.kms_s",
            "module.aurora_poc.aws_rds_cluster.primary",
            "module.aurora_poc.aws_rds_cluster_instance.primary",
            "module.aurora_poc.aws_rds_cluster_parameter_group.aurora_cluster_parameter_group_p",
            "module.aurora_poc.aws_rds_cluster_parameter_group.aurora_cluster_parameter_group_s",
            "module.aurora_poc.aws_rds_global_cluster.globaldb",
            "module.aurora_poc.data.aws_availability_zones.region_p",
            "module.aurora_poc.data.aws_availability_zones.region_s",
            "module.aurora_poc.data.aws_iam_policy_document.monitoring_rds_assume_role",
            "module.aurora_poc.data.aws_partition.current",
            "module.aurora_poc.data.aws_rds_engine_version.family",
            "module.aurora_poc.random_id.snapshot_id",
            "module.aurora_poc.random_password.master_password"
          ]
        }
      ]
    },
    {
      "module": "module.aurora_poc",
      "mode": "managed",
      "type": "aws_rds_cluster_instance",
      "name": "primary",
      "provider": "module.aurora_poc.provider[\"registry.terraform.io/hashicorp/aws\"].primary",
      "instances": [
        {
          "index_key": 0,
          "schema_version": 0,
          "attributes": {
            "apply_immediately": true,
            "arn": "arn:aws:rds:us-east-2:190864883972:db:aurora-pg-poc-us-east-2-1",
            "auto_minor_version_upgrade": false,
            "availability_zone": "us-east-2c",
            "ca_cert_identifier": "rds-ca-2019",
            "cluster_identifier": "aurora-us-east-2",
            "copy_tags_to_snapshot": false,
            "custom_iam_instance_profile": "",
            "db_parameter_group_name": "aurora-pg-poc-db-20230821151931904100000002",
            "db_subnet_group_name": "aurora-pg-poc-sg",
            "dbi_resource_id": "db-3N3INFVK4A6AUWO7OHIOWCRVJE",
            "endpoint": "aurora-pg-poc-us-east-2-1.chctxxtd2zmj.us-east-2.rds.amazonaws.com",
            "engine": "aurora-postgresql",
            "engine_version": "13.6",
            "engine_version_actual": "13.6",
            "id": "aurora-pg-poc-us-east-2-1",
            "identifier": "aurora-pg-poc-us-east-2-1",
            "identifier_prefix": null,
            "instance_class": "db.r6g.large",
            "kms_key_id": "",
            "monitoring_interval": 1,
            "monitoring_role_arn": "arn:aws:iam::190864883972:role/terraform-20230821151931974000000001",
            "network_type": "IPV4",
            "performance_insights_enabled": true,
            "performance_insights_kms_key_id": "arn:aws:kms:us-east-2:190864883972:key/930f6b82-9496-4aff-8451-0a3e2af67f70",
            "performance_insights_retention_period": 7,
            "port": 5432,
            "preferred_backup_window": "02:00-03:00",
            "preferred_maintenance_window": "mon:03:54-mon:04:24",
            "promotion_tier": 0,
            "publicly_accessible": false,
            "storage_encrypted": false,
            "tags": {
              "Environment": "dev",
              "GroupName": "dev",
              "Name": "aurora-pg-poc",
              "Project": "dev"
            },
            "tags_all": {
              "Environment": "dev",
              "GroupName": "dev",
              "Name": "aurora-pg-poc",
              "Project": "dev"
            },
            "timeouts": null,
            "writer": true
          },
          "sensitive_attributes": [],
          "private": "eyJlMmJmYjczMC1lY2FhLTExZTYtOGY4OC0zNDM2M2JjN2M0YzAiOnsiY3JlYXRlIjo1NDAwMDAwMDAwMDAwLCJkZWxldGUiOjU0MDAwMDAwMDAwMDAsInVwZGF0ZSI6NTQwMDAwMDAwMDAwMH19",
          "dependencies": [
            "data.aws_subnets.primary",
            "module.aurora_poc.aws_db_parameter_group.aurora_db_parameter_group_p",
            "module.aurora_poc.aws_db_subnet_group.private_p",
            "module.aurora_poc.aws_iam_role.rds_enhanced_monitoring",
            "module.aurora_poc.aws_kms_key.kms_p",
            "module.aurora_poc.aws_rds_cluster.primary",
            "module.aurora_poc.aws_rds_cluster_parameter_group.aurora_cluster_parameter_group_p",
            "module.aurora_poc.aws_rds_global_cluster.globaldb",
            "module.aurora_poc.data.aws_availability_zones.region_p",
            "module.aurora_poc.data.aws_iam_policy_document.monitoring_rds_assume_role",
            "module.aurora_poc.data.aws_partition.current",
            "module.aurora_poc.data.aws_rds_engine_version.family",
            "module.aurora_poc.random_id.snapshot_id",
            "module.aurora_poc.random_password.master_password"
          ]
        },
        {
          "index_key": 1,
          "schema_version": 0,
          "attributes": {
            "apply_immediately": true,
            "arn": "arn:aws:rds:us-east-2:190864883972:db:aurora-pg-poc-us-east-2-2",
            "auto_minor_version_upgrade": false,
            "availability_zone": "us-east-2b",
            "ca_cert_identifier": "rds-ca-2019",
            "cluster_identifier": "aurora-us-east-2",
            "copy_tags_to_snapshot": false,
            "custom_iam_instance_profile": "",
            "db_parameter_group_name": "aurora-pg-poc-db-20230821151931904100000002",
            "db_subnet_group_name": "aurora-pg-poc-sg",
            "dbi_resource_id": "db-RFR7UHWOCQWOKGMMSPFUNMMZVQ",
            "endpoint": "aurora-pg-poc-us-east-2-2.chctxxtd2zmj.us-east-2.rds.amazonaws.com",
            "engine": "aurora-postgresql",
            "engine_version": "13.6",
            "engine_version_actual": "13.6",
            "id": "aurora-pg-poc-us-east-2-2",
            "identifier": "aurora-pg-poc-us-east-2-2",
            "identifier_prefix": null,
            "instance_class": "db.r6g.large",
            "kms_key_id": "",
            "monitoring_interval": 1,
            "monitoring_role_arn": "arn:aws:iam::190864883972:role/terraform-20230821151931974000000001",
            "network_type": "IPV4",
            "performance_insights_enabled": true,
            "performance_insights_kms_key_id": "arn:aws:kms:us-east-2:190864883972:key/930f6b82-9496-4aff-8451-0a3e2af67f70",
            "performance_insights_retention_period": 7,
            "port": 5432,
            "preferred_backup_window": "02:00-03:00",
            "preferred_maintenance_window": "wed:05:40-wed:06:10",
            "promotion_tier": 0,
            "publicly_accessible": false,
            "storage_encrypted": false,
            "tags": {
              "Environment": "dev",
              "GroupName": "dev",
              "Name": "aurora-pg-poc",
              "Project": "dev"
            },
            "tags_all": {
              "Environment": "dev",
              "GroupName": "dev",
              "Name": "aurora-pg-poc",
              "Project": "dev"
            },
            "timeouts": null,
            "writer": false
          },
          "sensitive_attributes": [],
          "private": "eyJlMmJmYjczMC1lY2FhLTExZTYtOGY4OC0zNDM2M2JjN2M0YzAiOnsiY3JlYXRlIjo1NDAwMDAwMDAwMDAwLCJkZWxldGUiOjU0MDAwMDAwMDAwMDAsInVwZGF0ZSI6NTQwMDAwMDAwMDAwMH19",
          "dependencies": [
            "data.aws_subnets.primary",
            "module.aurora_poc.aws_db_parameter_group.aurora_db_parameter_group_p",
            "module.aurora_poc.aws_db_subnet_group.private_p",
            "module.aurora_poc.aws_iam_role.rds_enhanced_monitoring",
            "module.aurora_poc.aws_kms_key.kms_p",
            "module.aurora_poc.aws_rds_cluster.primary",
            "module.aurora_poc.aws_rds_cluster_parameter_group.aurora_cluster_parameter_group_p",
            "module.aurora_poc.aws_rds_global_cluster.globaldb",
            "module.aurora_poc.data.aws_availability_zones.region_p",
            "module.aurora_poc.data.aws_iam_policy_document.monitoring_rds_assume_role",
            "module.aurora_poc.data.aws_partition.current",
            "module.aurora_poc.data.aws_rds_engine_version.family",
            "module.aurora_poc.random_id.snapshot_id",
            "module.aurora_poc.random_password.master_password"
          ]
        }
      ]
    },
    {
      "module": "module.aurora_poc",
      "mode": "managed",
      "type": "aws_rds_cluster_instance",
      "name": "secondary",
      "provider": "module.aurora_poc.provider[\"registry.terraform.io/hashicorp/aws\"].secondary",
      "instances": [
        {
          "index_key": 0,
          "schema_version": 0,
          "attributes": {
            "apply_immediately": true,
            "arn": "arn:aws:rds:us-west-2:190864883972:db:aurora-pg-poc-us-west-2-1",
            "auto_minor_version_upgrade": false,
            "availability_zone": "us-west-2a",
            "ca_cert_identifier": "rds-ca-2019",
            "cluster_identifier": "aurora-us-west-2",
            "copy_tags_to_snapshot": false,
            "custom_iam_instance_profile": "",
            "db_parameter_group_name": "aurora-pg-poc-db-20230821151931963900000002",
            "db_subnet_group_name": "aurora-pg-poc-sg",
            "dbi_resource_id": "db-MTOZ2XEZ3NQE4OUBUAPQQ6OLR4",
            "endpoint": "aurora-pg-poc-us-west-2-1.c9yqtdsmjwkt.us-west-2.rds.amazonaws.com",
            "engine": "aurora-postgresql",
            "engine_version": "13.6",
            "engine_version_actual": "13.6",
            "id": "aurora-pg-poc-us-west-2-1",
            "identifier": "aurora-pg-poc-us-west-2-1",
            "identifier_prefix": null,
            "instance_class": "db.r6g.large",
            "kms_key_id": "",
            "monitoring_interval": 1,
            "monitoring_role_arn": "arn:aws:iam::190864883972:role/terraform-20230821151931974000000001",
            "network_type": "IPV4",
            "performance_insights_enabled": true,
            "performance_insights_kms_key_id": "arn:aws:kms:us-west-2:190864883972:key/22c1d87f-0cc7-4c49-bb63-52798fe4783e",
            "performance_insights_retention_period": 7,
            "port": 5432,
            "preferred_backup_window": "02:00-03:00",
            "preferred_maintenance_window": "sun:07:20-sun:07:50",
            "promotion_tier": 0,
            "publicly_accessible": false,
            "storage_encrypted": false,
            "tags": {
              "Environment": "dev",
              "GroupName": "dev",
              "Name": "aurora-pg-poc",
              "Project": "dev"
            },
            "tags_all": {
              "Environment": "dev",
              "GroupName": "dev",
              "Name": "aurora-pg-poc",
              "Project": "dev"
            },
            "timeouts": null,
            "writer": false
          },
          "sensitive_attributes": [],
          "private": "eyJlMmJmYjczMC1lY2FhLTExZTYtOGY4OC0zNDM2M2JjN2M0YzAiOnsiY3JlYXRlIjo1NDAwMDAwMDAwMDAwLCJkZWxldGUiOjU0MDAwMDAwMDAwMDAsInVwZGF0ZSI6NTQwMDAwMDAwMDAwMH19",
          "dependencies": [
            "data.aws_subnets.primary",
            "data.aws_subnets.secondary",
            "module.aurora_poc.aws_db_parameter_group.aurora_db_parameter_group_p",
            "module.aurora_poc.aws_db_parameter_group.aurora_db_parameter_group_s",
            "module.aurora_poc.aws_db_subnet_group.private_p",
            "module.aurora_poc.aws_db_subnet_group.private_s",
            "module.aurora_poc.aws_iam_role.rds_enhanced_monitoring",
            "module.aurora_poc.aws_kms_key.kms_p",
            "module.aurora_poc.aws_kms_key.kms_s",
            "module.aurora_poc.aws_rds_cluster.primary",
            "module.aurora_poc.aws_rds_cluster.secondary",
            "module.aurora_poc.aws_rds_cluster_instance.primary",
            "module.aurora_poc.aws_rds_cluster_parameter_group.aurora_cluster_parameter_group_p",
            "module.aurora_poc.aws_rds_cluster_parameter_group.aurora_cluster_parameter_group_s",
            "module.aurora_poc.aws_rds_global_cluster.globaldb",
            "module.aurora_poc.data.aws_availability_zones.region_p",
            "module.aurora_poc.data.aws_availability_zones.region_s",
            "module.aurora_poc.data.aws_iam_policy_document.monitoring_rds_assume_role",
            "module.aurora_poc.data.aws_partition.current",
            "module.aurora_poc.data.aws_rds_engine_version.family",
            "module.aurora_poc.random_id.snapshot_id",
            "module.aurora_poc.random_password.master_password"
          ]
        }
      ]
    },
    {
      "module": "module.aurora_poc",
      "mode": "managed",
      "type": "aws_rds_cluster_parameter_group",
      "name": "aurora_cluster_parameter_group_p",
      "provider": "module.aurora_poc.provider[\"registry.terraform.io/hashicorp/aws\"].primary",
      "instances": [
        {
          "schema_version": 0,
          "attributes": {
            "arn": "arn:aws:rds:us-east-2:190864883972:cluster-pg:aurora-pg-poc-cluster-20230821151931889500000001",
            "description": "aurora-cluster-parameter-group",
            "family": "aurora-postgresql13",
            "id": "aurora-pg-poc-cluster-20230821151931889500000001",
            "name": "aurora-pg-poc-cluster-20230821151931889500000001",
            "name_prefix": "aurora-pg-poc-cluster-",
            "parameter": [
              {
                "apply_method": "immediate",
                "name": "rds.force_admin_logging_level",
                "value": "warning"
              },
              {
                "apply_method": "immediate",
                "name": "rds.force_autovacuum_logging_level",
                "value": "warning"
              },
              {
                "apply_method": "pending-reboot",
                "name": "rds.enable_plan_management",
                "value": "1"
              }
            ],
            "tags": {},
            "tags_all": {}
          },
          "sensitive_attributes": [],
          "private": "bnVsbA==",
          "dependencies": [
            "module.aurora_poc.data.aws_rds_engine_version.family"
          ],
          "create_before_destroy": true
        }
      ]
    },
    {
      "module": "module.aurora_poc",
      "mode": "managed",
      "type": "aws_rds_cluster_parameter_group",
      "name": "aurora_cluster_parameter_group_s",
      "provider": "module.aurora_poc.provider[\"registry.terraform.io/hashicorp/aws\"].secondary",
      "instances": [
        {
          "index_key": 0,
          "schema_version": 0,
          "attributes": {
            "arn": "arn:aws:rds:us-west-2:190864883972:cluster-pg:aurora-pg-poc-cluster-20230821151931951200000001",
            "description": "aurora-cluster-parameter-group",
            "family": "aurora-postgresql13",
            "id": "aurora-pg-poc-cluster-20230821151931951200000001",
            "name": "aurora-pg-poc-cluster-20230821151931951200000001",
            "name_prefix": "aurora-pg-poc-cluster-",
            "parameter": [
              {
                "apply_method": "immediate",
                "name": "rds.force_admin_logging_level",
                "value": "warning"
              },
              {
                "apply_method": "immediate",
                "name": "rds.force_autovacuum_logging_level",
                "value": "warning"
              },
              {
                "apply_method": "pending-reboot",
                "name": "rds.enable_plan_management",
                "value": "1"
              }
            ],
            "tags": {},
            "tags_all": {}
          },
          "sensitive_attributes": [],
          "private": "bnVsbA==",
          "dependencies": [
            "module.aurora_poc.data.aws_rds_engine_version.family"
          ],
          "create_before_destroy": true
        }
      ]
    },
    {
      "module": "module.aurora_poc",
      "mode": "managed",
      "type": "aws_rds_global_cluster",
      "name": "globaldb",
      "provider": "module.aurora_poc.provider[\"registry.terraform.io/hashicorp/aws\"].primary",
      "instances": [
        {
          "index_key": 0,
          "schema_version": 0,
          "attributes": {
            "arn": "arn:aws:rds::190864883972:global-cluster:aurora-globaldb",
            "database_name": "mydb",
            "deletion_protection": false,
            "engine": "aurora-postgresql",
            "engine_version": "13.6",
            "engine_version_actual": "13.6",
            "force_destroy": null,
            "global_cluster_identifier": "aurora-globaldb",
            "global_cluster_members": [
              {
                "db_cluster_arn": "arn:aws:rds:us-east-2:190864883972:cluster:aurora-us-east-2",
                "is_writer": true
              },
              {
                "db_cluster_arn": "arn:aws:rds:us-west-2:190864883972:cluster:aurora-us-west-2",
                "is_writer": false
              }
            ],
            "global_cluster_resource_id": "cluster-6f889d8edd886b7f",
            "id": "aurora-globaldb",
            "source_db_cluster_identifier": null,
            "storage_encrypted": false,
            "timeouts": null
          },
          "sensitive_attributes": [],
          "private": "eyJlMmJmYjczMC1lY2FhLTExZTYtOGY4OC0zNDM2M2JjN2M0YzAiOnsiY3JlYXRlIjoxODAwMDAwMDAwMDAwLCJkZWxldGUiOjE4MDAwMDAwMDAwMDAsInVwZGF0ZSI6NTQwMDAwMDAwMDAwMH19"
        }
      ]
    },
    {
      "module": "module.aurora_poc",
      "mode": "managed",
      "type": "aws_sns_topic",
      "name": "default_p",
      "provider": "module.aurora_poc.provider[\"registry.terraform.io/hashicorp/aws\"].primary",
      "instances": [
        {
          "schema_version": 0,
          "attributes": {
            "application_failure_feedback_role_arn": "",
            "application_success_feedback_role_arn": "",
            "application_success_feedback_sample_rate": 0,
            "arn": "arn:aws:sns:us-east-2:190864883972:rds-events",
            "content_based_deduplication": false,
            "delivery_policy": "",
            "display_name": "",
            "fifo_topic": false,
            "firehose_failure_feedback_role_arn": "",
            "firehose_success_feedback_role_arn": "",
            "firehose_success_feedback_sample_rate": 0,
            "http_failure_feedback_role_arn": "",
            "http_success_feedback_role_arn": "",
            "http_success_feedback_sample_rate": 0,
            "id": "arn:aws:sns:us-east-2:190864883972:rds-events",
            "kms_master_key_id": "",
            "lambda_failure_feedback_role_arn": "",
            "lambda_success_feedback_role_arn": "",
            "lambda_success_feedback_sample_rate": 0,
            "name": "rds-events",
            "name_prefix": "",
            "owner": "190864883972",
            "policy": "{\"Id\":\"__default_policy_ID\",\"Statement\":[{\"Action\":[\"SNS:GetTopicAttributes\",\"SNS:SetTopicAttributes\",\"SNS:AddPermission\",\"SNS:RemovePermission\",\"SNS:DeleteTopic\",\"SNS:Subscribe\",\"SNS:ListSubscriptionsByTopic\",\"SNS:Publish\"],\"Condition\":{\"StringEquals\":{\"AWS:SourceOwner\":\"190864883972\"}},\"Effect\":\"Allow\",\"Principal\":{\"AWS\":\"*\"},\"Resource\":\"arn:aws:sns:us-east-2:190864883972:rds-events\",\"Sid\":\"__default_statement_ID\"}],\"Version\":\"2008-10-17\"}",
            "signature_version": 0,
            "sqs_failure_feedback_role_arn": "",
            "sqs_success_feedback_role_arn": "",
            "sqs_success_feedback_sample_rate": 0,
            "tags": {},
            "tags_all": {},
            "tracing_config": ""
          },
          "sensitive_attributes": [],
          "private": "bnVsbA=="
        }
      ]
    },
    {
      "module": "module.aurora_poc",
      "mode": "managed",
      "type": "aws_sns_topic",
      "name": "default_s",
      "provider": "module.aurora_poc.provider[\"registry.terraform.io/hashicorp/aws\"].secondary",
      "instances": [
        {
          "index_key": 0,
          "schema_version": 0,
          "attributes": {
            "application_failure_feedback_role_arn": "",
            "application_success_feedback_role_arn": "",
            "application_success_feedback_sample_rate": 0,
            "arn": "arn:aws:sns:us-west-2:190864883972:rds-events",
            "content_based_deduplication": false,
            "delivery_policy": "",
            "display_name": "",
            "fifo_topic": false,
            "firehose_failure_feedback_role_arn": "",
            "firehose_success_feedback_role_arn": "",
            "firehose_success_feedback_sample_rate": 0,
            "http_failure_feedback_role_arn": "",
            "http_success_feedback_role_arn": "",
            "http_success_feedback_sample_rate": 0,
            "id": "arn:aws:sns:us-west-2:190864883972:rds-events",
            "kms_master_key_id": "",
            "lambda_failure_feedback_role_arn": "",
            "lambda_success_feedback_role_arn": "",
            "lambda_success_feedback_sample_rate": 0,
            "name": "rds-events",
            "name_prefix": "",
            "owner": "190864883972",
            "policy": "{\"Id\":\"__default_policy_ID\",\"Statement\":[{\"Action\":[\"SNS:GetTopicAttributes\",\"SNS:SetTopicAttributes\",\"SNS:AddPermission\",\"SNS:RemovePermission\",\"SNS:DeleteTopic\",\"SNS:Subscribe\",\"SNS:ListSubscriptionsByTopic\",\"SNS:Publish\"],\"Condition\":{\"StringEquals\":{\"AWS:SourceOwner\":\"190864883972\"}},\"Effect\":\"Allow\",\"Principal\":{\"AWS\":\"*\"},\"Resource\":\"arn:aws:sns:us-west-2:190864883972:rds-events\",\"Sid\":\"__default_statement_ID\"}],\"Version\":\"2008-10-17\"}",
            "signature_version": 0,
            "sqs_failure_feedback_role_arn": "",
            "sqs_success_feedback_role_arn": "",
            "sqs_success_feedback_sample_rate": 0,
            "tags": {},
            "tags_all": {},
            "tracing_config": ""
          },
          "sensitive_attributes": [],
          "private": "bnVsbA=="
        }
      ]
    },
    {
      "module": "module.aurora_poc",
      "mode": "managed",
      "type": "random_id",
      "name": "snapshot_id",
      "provider": "provider[\"registry.terraform.io/hashicorp/random\"]",
      "instances": [
        {
          "schema_version": 0,
          "attributes": {
            "b64_std": "3kF5hg==",
            "b64_url": "3kF5hg",
            "byte_length": 4,
            "dec": "3728832902",
            "hex": "de417986",
            "id": "3kF5hg",
            "keepers": {
              "id": "aurora"
            },
            "prefix": null
          },
          "sensitive_attributes": []
        }
      ]
    },
    {
      "module": "module.aurora_poc",
      "mode": "managed",
      "type": "random_password",
      "name": "master_password",
      "provider": "provider[\"registry.terraform.io/hashicorp/random\"]",
      "instances": [
        {
          "schema_version": 3,
          "attributes": {
            "bcrypt_hash": "$2a$10$NpjlBBqFpbXN/RvrIw0OkeT1Ff3S5OaUGEWnAonkqI1yyBv3TtnN6",
            "id": "none",
            "keepers": null,
            "length": 10,
            "lower": true,
            "min_lower": 0,
            "min_numeric": 0,
            "min_special": 0,
            "min_upper": 0,
            "number": true,
            "numeric": true,
            "override_special": null,
            "result": "kkcTgtI8nq",
            "special": false,
            "upper": true
          },
          "sensitive_attributes": []
        }
      ]
    }
  ],
  "check_results": null
}
